<?xml version="1.0" encoding="utf-8"?>
<Project ToolsVersion="4.0" xmlns="http://schemas.microsoft.com/developer/msbuild/2003">
  <ItemGroup>
    <Filter Include="source">
      <UniqueIdentifier>{dbaa90f1-6e42-4362-be07-632b221b4742}</UniqueIdentifier>
    </Filter>
    <Filter Include="source\audio">
      <UniqueIdentifier>{39bb7ad7-8632-4004-9f02-ae1173d85ff4}</UniqueIdentifier>
    </Filter>
    <Filter Include="source\graphics">
      <UniqueIdentifier>{b8826ba9-373b-469b-9942-29d310877829}</UniqueIdentifier>
    </Filter>
    <Filter Include="source\common">
      <UniqueIdentifier>{eb8160ed-7f08-4413-be71-ebd7e1771d73}</UniqueIdentifier>
    </Filter>
    <Filter Include="source\common\math">
      <UniqueIdentifier>{75496aa6-e494-42a7-ab65-c135565772ef}</UniqueIdentifier>
    </Filter>
    <Filter Include="source\common\scripts">
      <UniqueIdentifier>{779e3bf8-a7da-4fa6-9369-7a2d420020da}</UniqueIdentifier>
    </Filter>
  </ItemGroup>
  <ItemGroup>
    <ClInclude Include="..\..\source\x2d.h" />
    <ClInclude Include="..\..\source\audio\buffer.h">
      <Filter>source\audio</Filter>
    </ClInclude>
    <ClInclude Include="..\..\source\audio\source.h">
      <Filter>source\audio</Filter>
    </ClInclude>
    <ClInclude Include="..\..\source\graphics\textureAtlas.h">
      <Filter>source\graphics</Filter>
    </ClInclude>
    <ClInclude Include="..\..\source\graphics\textureRegion.h">
      <Filter>source\graphics</Filter>
    </ClInclude>
    <ClInclude Include="..\..\source\graphics\vertexbufferobject.h">
      <Filter>source\graphics</Filter>
    </ClInclude>
    <ClInclude Include="..\..\source\graphics\viewport.h">
      <Filter>source\graphics</Filter>
    </ClInclude>
    <ClInclude Include="..\..\source\graphics\graphics.h">
      <Filter>source\graphics</Filter>
    </ClInclude>
    <ClInclude Include="..\..\source\graphics\animation.h">
      <Filter>source\graphics</Filter>
    </ClInclude>
    <ClInclude Include="..\..\source\graphics\batch.h">
      <Filter>source\graphics</Filter>
    </ClInclude>
    <ClInclude Include="..\..\source\graphics\camera.h">
      <Filter>source\graphics</Filter>
    </ClInclude>
    <ClInclude Include="..\..\source\graphics\font.h">
      <Filter>source\graphics</Filter>
    </ClInclude>
    <ClInclude Include="..\..\source\graphics\framebufferobject.h">
      <Filter>source\graphics</Filter>
    </ClInclude>
    <ClInclude Include="..\..\source\graphics\pixmap.h">
      <Filter>source\graphics</Filter>
    </ClInclude>
    <ClInclude Include="..\..\source\graphics\shader.h">
      <Filter>source\graphics</Filter>
    </ClInclude>
    <ClInclude Include="..\..\source\graphics\shape.h">
      <Filter>source\graphics</Filter>
    </ClInclude>
    <ClInclude Include="..\..\source\graphics\sprite.h">
      <Filter>source\graphics</Filter>
    </ClInclude>
    <ClInclude Include="..\..\source\graphics\spritebatch.h">
      <Filter>source\graphics</Filter>
    </ClInclude>
    <ClInclude Include="..\..\source\graphics\texture.h">
      <Filter>source\graphics</Filter>
    </ClInclude>
    <ClInclude Include="..\..\source\common\classreg.h">
      <Filter>source\common</Filter>
    </ClInclude>
    <ClInclude Include="..\..\source\common\config.h">
      <Filter>source\common</Filter>
    </ClInclude>
    <ClInclude Include="..\..\source\common\console.h">
      <Filter>source\common</Filter>
    </ClInclude>
    <ClInclude Include="..\..\source\common\engine.h">
      <Filter>source\common</Filter>
    </ClInclude>
    <ClInclude Include="..\..\source\common\math\rect.h">
      <Filter>source\common\math</Filter>
    </ClInclude>
    <ClInclude Include="..\..\source\common\math\rectanglepacker.h">
      <Filter>source\common\math</Filter>
    </ClInclude>
    <ClInclude Include="..\..\source\common\math\vector.h">
      <Filter>source\common\math</Filter>
    </ClInclude>
    <ClInclude Include="..\..\source\common\math\math.h">
      <Filter>source\common\math</Filter>
    </ClInclude>
    <ClInclude Include="..\..\source\common\math\matrix.h">
      <Filter>source\common\math</Filter>
    </ClInclude>
    <ClInclude Include="..\..\source\common\scripts\scriptarray.h">
      <Filter>source\common\scripts</Filter>
    </ClInclude>
    <ClInclude Include="..\..\source\common\assetmanager.h">
      <Filter>source\common</Filter>
    </ClInclude>
    <ClInclude Include="..\..\source\common\debugger.h">
      <Filter>source\common</Filter>
    </ClInclude>
    <ClInclude Include="..\..\source\common\filesystem.h">
      <Filter>source\common</Filter>
    </ClInclude>
    <ClInclude Include="..\..\source\common\scripts\anyobject.h">
      <Filter>source\common\scripts</Filter>
    </ClInclude>
    <ClInclude Include="..\..\source\common\scripts\funccall.h">
      <Filter>source\common\scripts</Filter>
    </ClInclude>
    <ClInclude Include="..\..\source\common\scripts\iniparser.h">
      <Filter>source\common\scripts</Filter>
    </ClInclude>
    <ClInclude Include="..\..\source\common\scripts\scriptany.h">
      <Filter>source\common\scripts</Filter>
    </ClInclude>
    <ClInclude Include="..\..\source\common\scripts\scriptbuilder.h">
      <Filter>source\common\scripts</Filter>
    </ClInclude>
    <ClInclude Include="..\..\source\common\scripts\scriptdictionary.h">
      <Filter>source\common\scripts</Filter>
    </ClInclude>
    <ClInclude Include="..\..\source\common\scripts\scriptgrid.h">
      <Filter>source\common\scripts</Filter>
    </ClInclude>
    <ClInclude Include="..\..\source\common\scripts\scripthelper.h">
      <Filter>source\common\scripts</Filter>
    </ClInclude>
    <ClInclude Include="..\..\source\common\scripts\scriptstdstring.h">
      <Filter>source\common\scripts</Filter>
    </ClInclude>
    <ClInclude Include="..\..\source\common\scripts\stringstream.h">
      <Filter>source\common\scripts</Filter>
    </ClInclude>
    <ClInclude Include="..\..\source\common\scripts\thread.h">
      <Filter>source\common\scripts</Filter>
    </ClInclude>
    <ClInclude Include="..\..\source\common\eventhandler.h">
      <Filter>source\common</Filter>
    </ClInclude>
    <ClInclude Include="..\..\source\common\exception.h">
      <Filter>source\common</Filter>
    </ClInclude>
    <ClInclude Include="..\..\source\common\ini.h">
      <Filter>source\common</Filter>
    </ClInclude>
    <ClInclude Include="..\..\source\common\input.h">
      <Filter>source\common</Filter>
    </ClInclude>
    <ClInclude Include="..\..\source\common\profiler.h">
      <Filter>source\common</Filter>
    </ClInclude>
    <ClInclude Include="..\..\source\common\scriptengine.h">
      <Filter>source\common</Filter>
    </ClInclude>
    <ClInclude Include="..\..\source\common\threadmanager.h">
      <Filter>source\common</Filter>
    </ClInclude>
    <ClInclude Include="..\..\source\common\timer.h">
      <Filter>source\common</Filter>
    </ClInclude>
    <ClInclude Include="..\..\source\common\window.h">
      <Filter>source\common</Filter>
    </ClInclude>
    <ClInclude Include="..\..\source\audio\audio.h">
      <Filter>source\audio</Filter>
    </ClInclude>
  </ItemGroup>
  <ItemGroup>
    <ClCompile Include="..\..\source\audio\buffer.cpp">
      <Filter>source\audio</Filter>
    </ClCompile>
    <ClCompile Include="..\..\source\audio\source.cpp">
      <Filter>source\audio</Filter>
    </ClCompile>
    <ClCompile Include="..\..\source\graphics\textureAtlas.cpp">
      <Filter>source\graphics</Filter>
    </ClCompile>
    <ClCompile Include="..\..\source\graphics\textureRegion.cpp">
      <Filter>source\graphics</Filter>
    </ClCompile>
    <ClCompile Include="..\..\source\graphics\viewport.cpp">
      <Filter>source\graphics</Filter>
    </ClCompile>
    <ClCompile Include="..\..\source\graphics\animation.cpp">
      <Filter>source\graphics</Filter>
    </ClCompile>
    <ClCompile Include="..\..\source\graphics\batch.cpp">
      <Filter>source\graphics</Filter>
    </ClCompile>
    <ClCompile Include="..\..\source\graphics\camera.cpp">
      <Filter>source\graphics</Filter>
    </ClCompile>
    <ClCompile Include="..\..\source\graphics\font.cpp">
      <Filter>source\graphics</Filter>
    </ClCompile>
    <ClCompile Include="..\..\source\graphics\graphics.cpp">
      <Filter>source\graphics</Filter>
    </ClCompile>
    <ClCompile Include="..\..\source\graphics\pixmap.cpp">
      <Filter>source\graphics</Filter>
    </ClCompile>
    <ClCompile Include="..\..\source\graphics\shader.cpp">
      <Filter>source\graphics</Filter>
    </ClCompile>
    <ClCompile Include="..\..\source\graphics\shape.cpp">
      <Filter>source\graphics</Filter>
    </ClCompile>
    <ClCompile Include="..\..\source\graphics\sprite.cpp">
      <Filter>source\graphics</Filter>
    </ClCompile>
    <ClCompile Include="..\..\source\graphics\spritebatch.cpp">
      <Filter>source\graphics</Filter>
    </ClCompile>
    <ClCompile Include="..\..\source\graphics\texture.cpp">
      <Filter>source\graphics</Filter>
    </ClCompile>
    <ClCompile Include="..\..\source\common\console.cpp">
      <Filter>source\common</Filter>
    </ClCompile>
    <ClCompile Include="..\..\source\common\engine.cpp">
      <Filter>source\common</Filter>
    </ClCompile>
    <ClCompile Include="..\..\source\common\math\rectanglepacker.cpp">
      <Filter>source\common\math</Filter>
    </ClCompile>
    <ClCompile Include="..\..\source\common\math\vector.cpp">
      <Filter>source\common\math</Filter>
    </ClCompile>
    <ClCompile Include="..\..\source\common\math\math.cpp">
      <Filter>source\common\math</Filter>
    </ClCompile>
    <ClCompile Include="..\..\source\common\math\matrix.cpp">
      <Filter>source\common\math</Filter>
    </ClCompile>
    <ClCompile Include="..\..\source\common\math\rect.cpp">
      <Filter>source\common\math</Filter>
    </ClCompile>
    <ClCompile Include="..\..\source\common\scripts\scriptarray.cpp">
      <Filter>source\common\scripts</Filter>
    </ClCompile>
    <ClCompile Include="..\..\source\common\assetmanager.cpp">
      <Filter>source\common</Filter>
    </ClCompile>
    <ClCompile Include="..\..\source\common\debugger.cpp">
      <Filter>source\common</Filter>
    </ClCompile>
    <ClCompile Include="..\..\source\common\filesystem.cpp">
      <Filter>source\common</Filter>
    </ClCompile>
    <ClCompile Include="..\..\source\common\scripts\funccall.cpp">
      <Filter>source\common\scripts</Filter>
    </ClCompile>
    <ClCompile Include="..\..\source\common\scripts\iniparser.cpp">
      <Filter>source\common\scripts</Filter>
    </ClCompile>
    <ClCompile Include="..\..\source\common\scripts\scriptany.cpp">
      <Filter>source\common\scripts</Filter>
    </ClCompile>
    <ClCompile Include="..\..\source\common\scripts\scriptbuilder.cpp">
      <Filter>source\common\scripts</Filter>
    </ClCompile>
    <ClCompile Include="..\..\source\common\scripts\scriptdictionary.cpp">
      <Filter>source\common\scripts</Filter>
    </ClCompile>
    <ClCompile Include="..\..\source\common\scripts\scriptgrid.cpp">
      <Filter>source\common\scripts</Filter>
    </ClCompile>
    <ClCompile Include="..\..\source\common\scripts\scripthelper.cpp">
      <Filter>source\common\scripts</Filter>
    </ClCompile>
    <ClCompile Include="..\..\source\common\scripts\scriptstdstring.cpp">
      <Filter>source\common\scripts</Filter>
    </ClCompile>
    <ClCompile Include="..\..\source\common\scripts\scriptstdstring_utils.cpp">
      <Filter>source\common\scripts</Filter>
    </ClCompile>
    <ClCompile Include="..\..\source\common\scripts\stringstream.cpp">
      <Filter>source\common\scripts</Filter>
    </ClCompile>
    <ClCompile Include="..\..\source\common\scripts\thread.cpp">
      <Filter>source\common\scripts</Filter>
    </ClCompile>
    <ClCompile Include="..\..\source\common\input.cpp">
      <Filter>source\common</Filter>
    </ClCompile>
    <ClCompile Include="..\..\source\common\profiler.cpp">
      <Filter>source\common</Filter>
    </ClCompile>
    <ClCompile Include="..\..\source\common\scriptengine.cpp">
      <Filter>source\common</Filter>
    </ClCompile>
    <ClCompile Include="..\..\source\common\timer.cpp">
      <Filter>source\common</Filter>
    </ClCompile>
    <ClCompile Include="..\..\source\common\util.cpp">
      <Filter>source\common</Filter>
    </ClCompile>
    <ClCompile Include="..\..\source\common\window.cpp">
      <Filter>source\common</Filter>
    </ClCompile>
    <ClCompile Include="..\..\source\audio\audio.cpp">
      <Filter>source\audio</Filter>
    </ClCompile>
  </ItemGroup>
</Project>