<?xml version="1.0" encoding="utf-8"?>
<Project ToolsVersion="4.0" xmlns="http://schemas.microsoft.com/developer/msbuild/2003">
  <ItemGroup>
    <Filter Include="source">
      <UniqueIdentifier>{0aad52fd-1078-44e5-a898-a1633cb64f5f}</UniqueIdentifier>
    </Filter>
    <Filter Include="include">
      <UniqueIdentifier>{3d9abd4a-6da4-49a1-97dc-83f8614e73f0}</UniqueIdentifier>
    </Filter>
    <Filter Include="include\math">
      <UniqueIdentifier>{3bfba029-612b-4fd0-8acd-bf1e6da4f279}</UniqueIdentifier>
    </Filter>
    <Filter Include="source\math">
      <UniqueIdentifier>{4f5031a1-888b-4af4-9667-a9bd371448cc}</UniqueIdentifier>
    </Filter>
    <Filter Include="source\scripts">
      <UniqueIdentifier>{46869ec1-1a86-441d-b137-022f9066427d}</UniqueIdentifier>
    </Filter>
    <Filter Include="source\core">
      <UniqueIdentifier>{14948e6d-8616-4118-b570-b573ac4adb68}</UniqueIdentifier>
    </Filter>
    <Filter Include="include\scripts">
      <UniqueIdentifier>{25df4107-2711-490e-937d-5df919d502cc}</UniqueIdentifier>
    </Filter>
    <Filter Include="include\graphics">
      <UniqueIdentifier>{7165c08c-b771-49f1-87a3-42c5fce47fe9}</UniqueIdentifier>
    </Filter>
    <Filter Include="source\graphics">
      <UniqueIdentifier>{b8826ba9-373b-469b-9942-29d310877829}</UniqueIdentifier>
    </Filter>
    <Filter Include="source\audio">
      <UniqueIdentifier>{39bb7ad7-8632-4004-9f02-ae1173d85ff4}</UniqueIdentifier>
    </Filter>
    <Filter Include="include\audio">
      <UniqueIdentifier>{9281aa68-64bf-41ac-baf3-c860741812b1}</UniqueIdentifier>
    </Filter>
    <Filter Include="source\io">
      <UniqueIdentifier>{91e4a5fe-d0c6-45d0-a8b9-a16937d721da}</UniqueIdentifier>
    </Filter>
  </ItemGroup>
  <ItemGroup>
    <ClInclude Include="..\..\include\x2d\engine.h">
      <Filter>include</Filter>
    </ClInclude>
    <ClInclude Include="..\..\include\x2d\math\matrix.h">
      <Filter>include\math</Filter>
    </ClInclude>
    <ClInclude Include="..\..\include\x2d\math\rect.h">
      <Filter>include\math</Filter>
    </ClInclude>
    <ClInclude Include="..\..\include\x2d\math\vector.h">
      <Filter>include\math</Filter>
    </ClInclude>
    <ClInclude Include="..\..\include\x2d\math.h">
      <Filter>include</Filter>
    </ClInclude>
    <ClInclude Include="..\..\source\scripts\scriptbuilder.h">
      <Filter>source\scripts</Filter>
    </ClInclude>
    <ClInclude Include="..\..\source\scripts\scripthelper.h">
      <Filter>source\scripts</Filter>
    </ClInclude>
    <ClInclude Include="..\..\source\scripts\scriptstdstring.h">
      <Filter>source\scripts</Filter>
    </ClInclude>
    <ClInclude Include="..\..\include\x2d\debug.h">
      <Filter>include</Filter>
    </ClInclude>
    <ClInclude Include="..\..\include\x2d\math\rectPacker.h">
      <Filter>include\math</Filter>
    </ClInclude>
    <ClInclude Include="..\..\include\x2d\console.h">
      <Filter>include</Filter>
    </ClInclude>
    <ClInclude Include="..\..\include\x2d\base.h">
      <Filter>include</Filter>
    </ClInclude>
    <ClInclude Include="..\..\include\x2d\input.h">
      <Filter>include</Filter>
    </ClInclude>
    <ClInclude Include="..\..\include\x2d\window.h">
      <Filter>include</Filter>
    </ClInclude>
    <ClInclude Include="..\..\include\x2d\eventhandler.h">
      <Filter>include</Filter>
    </ClInclude>
    <ClInclude Include="..\..\include\x2d\exception.h">
      <Filter>include</Filter>
    </ClInclude>
    <ClInclude Include="..\..\include\x2d\profiler.h">
      <Filter>include</Filter>
    </ClInclude>
    <ClInclude Include="..\..\include\x2d\filesystem.h">
      <Filter>include</Filter>
    </ClInclude>
    <ClInclude Include="..\..\include\x2d\audio.h">
      <Filter>include</Filter>
    </ClInclude>
    <ClInclude Include="..\..\include\x2d\graphics.h">
      <Filter>include</Filter>
    </ClInclude>
    <ClInclude Include="..\..\include\x2d\util.h">
      <Filter>include</Filter>
    </ClInclude>
    <ClInclude Include="..\..\include\x2d\config.h">
      <Filter>include</Filter>
    </ClInclude>
    <ClInclude Include="..\..\include\x2d\timer.h">
      <Filter>include</Filter>
    </ClInclude>
    <ClInclude Include="..\..\include\x2d\assetloader.h">
      <Filter>include</Filter>
    </ClInclude>
    <ClInclude Include="..\..\source\scripts\scriptgrid.h">
      <Filter>source\scripts</Filter>
    </ClInclude>
    <ClInclude Include="..\..\include\x2d\scripts\anyobject.h">
      <Filter>include\scripts</Filter>
    </ClInclude>
    <ClInclude Include="..\..\source\scripts\scriptany.h">
      <Filter>source\scripts</Filter>
    </ClInclude>
    <ClInclude Include="..\..\include\x2d\scripts\funccall.h">
      <Filter>include\scripts</Filter>
    </ClInclude>
    <ClInclude Include="..\..\source\scripts\scriptfunc.h">
      <Filter>source\scripts</Filter>
    </ClInclude>
    <ClInclude Include="..\..\include\x2d\scriptengine.h">
      <Filter>include</Filter>
    </ClInclude>
    <ClInclude Include="..\..\include\x2d\graphics\framebufferobject.h">
      <Filter>include\graphics</Filter>
    </ClInclude>
    <ClInclude Include="..\..\include\x2d\graphics\texture.h">
      <Filter>include\graphics</Filter>
    </ClInclude>
    <ClInclude Include="..\..\include\x2d\graphics\textureRegion.h">
      <Filter>include\graphics</Filter>
    </ClInclude>
    <ClInclude Include="..\..\include\x2d\graphics\vertexbufferobject.h">
      <Filter>include\graphics</Filter>
    </ClInclude>
    <ClInclude Include="..\..\include\x2d\graphics\batch.h">
      <Filter>include\graphics</Filter>
    </ClInclude>
    <ClInclude Include="..\..\include\x2d\graphics\pixmap.h">
      <Filter>include\graphics</Filter>
    </ClInclude>
    <ClInclude Include="..\..\source\graphics\animation.h">
      <Filter>source\graphics</Filter>
    </ClInclude>
    <ClInclude Include="..\..\source\graphics\camera.h">
      <Filter>source\graphics</Filter>
    </ClInclude>
    <ClInclude Include="..\..\source\graphics\font.h">
      <Filter>source\graphics</Filter>
    </ClInclude>
    <ClInclude Include="..\..\source\graphics\shader.h">
      <Filter>source\graphics</Filter>
    </ClInclude>
    <ClInclude Include="..\..\source\graphics\shape.h">
      <Filter>source\graphics</Filter>
    </ClInclude>
    <ClInclude Include="..\..\source\graphics\sprite.h">
      <Filter>source\graphics</Filter>
    </ClInclude>
    <ClInclude Include="..\..\source\graphics\viewport.h">
      <Filter>source\graphics</Filter>
    </ClInclude>
    <ClInclude Include="..\..\include\x2d\audio\source.h">
      <Filter>include\audio</Filter>
    </ClInclude>
    <ClInclude Include="..\..\include\x2d\audio\buffer.h">
      <Filter>include\audio</Filter>
    </ClInclude>
    <ClInclude Include="..\..\include\x2d\scripts\array.h">
      <Filter>include\scripts</Filter>
    </ClInclude>
    <ClInclude Include="..\..\source\io\iniParser.h">
      <Filter>source\io</Filter>
    </ClInclude>
    <ClInclude Include="..\..\include\x2d\graphics\textureAtlas.h">
      <Filter>include\graphics</Filter>
    </ClInclude>
    <ClInclude Include="..\..\source\scripts\serializer.h">
      <Filter>source\scripts</Filter>
    </ClInclude>
    <ClInclude Include="..\..\source\scripts\scriptarray.h">
      <Filter>source\scripts</Filter>
    </ClInclude>
  </ItemGroup>
  <ItemGroup>
    <ClCompile Include="..\..\source\math\math.cpp">
      <Filter>source\math</Filter>
    </ClCompile>
    <ClCompile Include="..\..\source\math\matrix.cpp">
      <Filter>source\math</Filter>
    </ClCompile>
    <ClCompile Include="..\..\source\math\rect.cpp">
      <Filter>source\math</Filter>
    </ClCompile>
    <ClCompile Include="..\..\source\math\vector.cpp">
      <Filter>source\math</Filter>
    </ClCompile>
    <ClCompile Include="..\..\source\scripts\scriptbuilder.cpp">
      <Filter>source\scripts</Filter>
    </ClCompile>
    <ClCompile Include="..\..\source\scripts\scripthelper.cpp">
      <Filter>source\scripts</Filter>
    </ClCompile>
    <ClCompile Include="..\..\source\scripts\scriptstdstring.cpp">
      <Filter>source\scripts</Filter>
    </ClCompile>
    <ClCompile Include="..\..\source\scripts\scriptstdstring_utils.cpp">
      <Filter>source\scripts</Filter>
    </ClCompile>
    <ClCompile Include="..\..\source\math\rectPacker.cpp">
      <Filter>source\math</Filter>
    </ClCompile>
    <ClCompile Include="..\..\source\core\window.cpp">
      <Filter>source\core</Filter>
    </ClCompile>
    <ClCompile Include="..\..\source\core\input.cpp">
      <Filter>source\core</Filter>
    </ClCompile>
    <ClCompile Include="..\..\source\core\console.cpp">
      <Filter>source\core</Filter>
    </ClCompile>
    <ClCompile Include="..\..\source\core\profiler.cpp">
      <Filter>source\core</Filter>
    </ClCompile>
    <ClCompile Include="..\..\source\core\array.cpp">
      <Filter>source\core</Filter>
    </ClCompile>
    <ClCompile Include="..\..\source\core\engine.cpp">
      <Filter>source\core</Filter>
    </ClCompile>
    <ClCompile Include="..\..\source\core\filesystem.cpp">
      <Filter>source\core</Filter>
    </ClCompile>
    <ClCompile Include="..\..\source\core\debug.cpp">
      <Filter>source\core</Filter>
    </ClCompile>
    <ClCompile Include="..\..\source\core\util.cpp">
      <Filter>source\core</Filter>
    </ClCompile>
    <ClCompile Include="..\..\source\core\timer.cpp">
      <Filter>source\core</Filter>
    </ClCompile>
    <ClCompile Include="..\..\source\core\assetloader.cpp">
      <Filter>source\core</Filter>
    </ClCompile>
    <ClCompile Include="..\..\source\scripts\scriptgrid.cpp">
      <Filter>source\scripts</Filter>
    </ClCompile>
    <ClCompile Include="..\..\source\scripts\scriptany.cpp">
      <Filter>source\scripts</Filter>
    </ClCompile>
    <ClCompile Include="..\..\source\scripts\scriptfunc.cpp">
      <Filter>source\scripts</Filter>
    </ClCompile>
    <ClCompile Include="..\..\source\core\scriptengine.cpp">
      <Filter>source\core</Filter>
    </ClCompile>
    <ClCompile Include="..\..\source\graphics\animation.cpp">
      <Filter>source\graphics</Filter>
    </ClCompile>
    <ClCompile Include="..\..\source\graphics\batch.cpp">
      <Filter>source\graphics</Filter>
    </ClCompile>
    <ClCompile Include="..\..\source\graphics\camera.cpp">
      <Filter>source\graphics</Filter>
    </ClCompile>
    <ClCompile Include="..\..\source\graphics\font.cpp">
      <Filter>source\graphics</Filter>
    </ClCompile>
    <ClCompile Include="..\..\source\graphics\graphics.cpp">
      <Filter>source\graphics</Filter>
    </ClCompile>
    <ClCompile Include="..\..\source\graphics\pixmap.cpp">
      <Filter>source\graphics</Filter>
    </ClCompile>
    <ClCompile Include="..\..\source\graphics\shader.cpp">
      <Filter>source\graphics</Filter>
    </ClCompile>
    <ClCompile Include="..\..\source\graphics\shape.cpp">
      <Filter>source\graphics</Filter>
    </ClCompile>
    <ClCompile Include="..\..\source\graphics\sprite.cpp">
      <Filter>source\graphics</Filter>
    </ClCompile>
    <ClCompile Include="..\..\source\graphics\texture.cpp">
      <Filter>source\graphics</Filter>
    </ClCompile>
    <ClCompile Include="..\..\source\graphics\textureRegion.cpp">
      <Filter>source\graphics</Filter>
    </ClCompile>
    <ClCompile Include="..\..\source\graphics\viewport.cpp">
      <Filter>source\graphics</Filter>
    </ClCompile>
    <ClCompile Include="..\..\source\audio\audio.cpp">
      <Filter>source\audio</Filter>
    </ClCompile>
    <ClCompile Include="..\..\source\audio\source.cpp">
      <Filter>source\audio</Filter>
    </ClCompile>
    <ClCompile Include="..\..\source\audio\buffer.cpp">
      <Filter>source\audio</Filter>
    </ClCompile>
    <ClCompile Include="..\..\source\graphics\textureAtlas.cpp">
      <Filter>source\graphics</Filter>
    </ClCompile>
    <ClCompile Include="..\..\source\io\iniParser.cpp">
      <Filter>source\io</Filter>
    </ClCompile>
    <ClCompile Include="..\..\source\scripts\serializer.cpp">
      <Filter>source\scripts</Filter>
    </ClCompile>
    <ClCompile Include="..\..\source\scripts\scriptarray.cpp">
      <Filter>source\scripts</Filter>
    </ClCompile>
  </ItemGroup>
</Project>