<?xml version="1.0" encoding="utf-8"?>
<Project ToolsVersion="4.0" xmlns="http://schemas.microsoft.com/developer/msbuild/2003">
  <ItemGroup>
    <ResourceCompile Include="resources.rc" />
  </ItemGroup>
  <ItemGroup>
    <Filter Include="source">
      <UniqueIdentifier>{b3c95390-4192-4e8a-8916-a28c5eb294b1}</UniqueIdentifier>
    </Filter>
    <Filter Include="source\audio">
      <UniqueIdentifier>{8b00098d-6300-4b13-965a-6a91f26faf1b}</UniqueIdentifier>
    </Filter>
    <Filter Include="source\audio\openal">
      <UniqueIdentifier>{eb9f3bfd-55ab-4c6a-9fe6-0738da3f557f}</UniqueIdentifier>
    </Filter>
    <Filter Include="source\graphics">
      <UniqueIdentifier>{f0ab5a0d-091e-4631-aefb-76afc65a78d4}</UniqueIdentifier>
    </Filter>
    <Filter Include="source\graphics\opengl">
      <UniqueIdentifier>{33aeca77-e97e-4f98-9f71-f48c66e9da48}</UniqueIdentifier>
    </Filter>
    <Filter Include="source\common">
      <UniqueIdentifier>{ce634371-49c2-4caf-8347-1aa1d8e9dade}</UniqueIdentifier>
    </Filter>
  </ItemGroup>
  <ItemGroup>
    <ClCompile Include="source\audio\openal\alaudio.cpp">
      <Filter>source\audio\openal</Filter>
    </ClCompile>
    <ClCompile Include="source\audio\openal\alsource.cpp">
      <Filter>source\audio\openal</Filter>
    </ClCompile>
    <ClCompile Include="source\graphics\opengl\glgraphics.cpp">
      <Filter>source\graphics\opengl</Filter>
    </ClCompile>
    <ClCompile Include="source\graphics\opengl\glshader.cpp">
      <Filter>source\graphics\opengl</Filter>
    </ClCompile>
    <ClCompile Include="source\graphics\opengl\gltexture.cpp">
      <Filter>source\graphics\opengl</Filter>
    </ClCompile>
    <ClCompile Include="source\main.cpp">
      <Filter>source</Filter>
    </ClCompile>
    <ClCompile Include="source\common\input.cpp">
      <Filter>source\common</Filter>
    </ClCompile>
    <ClCompile Include="source\common\plugins.cpp">
      <Filter>source\common</Filter>
    </ClCompile>
    <ClCompile Include="source\common\timer.cpp">
      <Filter>source\common</Filter>
    </ClCompile>
    <ClCompile Include="source\common\window.cpp">
      <Filter>source\common</Filter>
    </ClCompile>
    <ClCompile Include="source\common\console.cpp">
      <Filter>source\common</Filter>
    </ClCompile>
    <ClCompile Include="source\common\debug.cpp">
      <Filter>source\common</Filter>
    </ClCompile>
    <ClCompile Include="source\common\filesystem.cpp">
      <Filter>source\common</Filter>
    </ClCompile>
  </ItemGroup>
  <ItemGroup>
    <ClInclude Include="source\audio\openal\alaudio.h">
      <Filter>source\audio\openal</Filter>
    </ClInclude>
    <ClInclude Include="source\audio\openal\alsource.h">
      <Filter>source\audio\openal</Filter>
    </ClInclude>
    <ClInclude Include="source\graphics\opengl\glgraphics.h">
      <Filter>source\graphics\opengl</Filter>
    </ClInclude>
    <ClInclude Include="source\graphics\opengl\glshader.h">
      <Filter>source\graphics\opengl</Filter>
    </ClInclude>
    <ClInclude Include="source\graphics\opengl\gltexture.h">
      <Filter>source\graphics\opengl</Filter>
    </ClInclude>
    <ClInclude Include="source\common\filesystem.h">
      <Filter>source\common</Filter>
    </ClInclude>
    <ClInclude Include="source\common\input.h">
      <Filter>source\common</Filter>
    </ClInclude>
    <ClInclude Include="source\common\plugins.h">
      <Filter>source\common</Filter>
    </ClInclude>
    <ClInclude Include="source\common\timer.h">
      <Filter>source\common</Filter>
    </ClInclude>
    <ClInclude Include="source\common\window.h">
      <Filter>source\common</Filter>
    </ClInclude>
    <ClInclude Include="source\common\console.h">
      <Filter>source\common</Filter>
    </ClInclude>
    <ClInclude Include="source\common\debug.h">
      <Filter>source\common</Filter>
    </ClInclude>
  </ItemGroup>
</Project>