<?xml version="1.0" encoding="utf-8"?>
<Project ToolsVersion="4.0" xmlns="http://schemas.microsoft.com/developer/msbuild/2003">
  <ItemGroup>
    <None Include="AndroidApk\AndroidManifest.xml">
      <Filter>android</Filter>
    </None>
    <None Include="AndroidApk\res\values\strings.xml">
      <Filter>android</Filter>
    </None>
    <None Include="AndroidApk\build.xml">
      <Filter>android</Filter>
    </None>
    <None Include="AndroidApk\local.properties">
      <Filter>android</Filter>
    </None>
    <None Include="AndroidApk\res\layout\main.xml">
      <Filter>android</Filter>
    </None>
    <None Include="AndroidApk\project.properties">
      <Filter>android</Filter>
    </None>
    <None Include="AndroidApk\src\com\example\SanAngeles\Crystal2D.java">
      <Filter>android\app</Filter>
    </None>
  </ItemGroup>
  <ItemGroup>
    <Filter Include="source">
      <UniqueIdentifier>{9159a0aa-7101-4056-9547-4deb5cb5d0e2}</UniqueIdentifier>
    </Filter>
    <Filter Include="android">
      <UniqueIdentifier>{a63882e3-c0dc-476c-b454-a3e2934beee5}</UniqueIdentifier>
    </Filter>
    <Filter Include="android\app">
      <UniqueIdentifier>{5a7f0a43-9fb9-4308-9e0b-46dd372988f6}</UniqueIdentifier>
    </Filter>
    <Filter Include="source\core">
      <UniqueIdentifier>{4bfad8db-fbb2-4255-8f1a-167a309e6c96}</UniqueIdentifier>
    </Filter>
    <Filter Include="source\platform">
      <UniqueIdentifier>{524cc085-3f53-4d79-97b4-0c8ad231f455}</UniqueIdentifier>
    </Filter>
    <Filter Include="source\platform\android">
      <UniqueIdentifier>{d65097df-83f2-482e-9571-6503801267f5}</UniqueIdentifier>
    </Filter>
    <Filter Include="source\math">
      <UniqueIdentifier>{777ab247-68b3-4974-bf41-fbcb5ef7fdb4}</UniqueIdentifier>
    </Filter>
    <Filter Include="source\render">
      <UniqueIdentifier>{d4fd1232-3377-4818-9302-2ed2f87781b2}</UniqueIdentifier>
    </Filter>
    <Filter Include="source\sound">
      <UniqueIdentifier>{f22d017f-ecc5-4ea3-986d-ff5c390c5dac}</UniqueIdentifier>
    </Filter>
    <Filter Include="source\manual">
      <UniqueIdentifier>{35493220-8b76-48c7-a13a-928df5e9b20f}</UniqueIdentifier>
    </Filter>
    <Filter Include="source\net">
      <UniqueIdentifier>{c1bd328c-9455-4e29-be50-bf402000ecf8}</UniqueIdentifier>
    </Filter>
    <Filter Include="source\platform\win32">
      <UniqueIdentifier>{954489e9-d966-4d04-9ac3-0d71970d1e62}</UniqueIdentifier>
    </Filter>
    <Filter Include="source\angelscript">
      <UniqueIdentifier>{894ac1eb-c05f-4ba2-afcb-af14a1c9418d}</UniqueIdentifier>
    </Filter>
  </ItemGroup>
  <ItemGroup>
    <ClCompile Include="..\..\source\angelscript\scriptarray.cpp">
      <Filter>source\angelscript</Filter>
    </ClCompile>
    <ClCompile Include="..\..\source\angelscript\scriptbuilder.cpp">
      <Filter>source\angelscript</Filter>
    </ClCompile>
    <ClCompile Include="..\..\source\angelscript\scripthelper.cpp">
      <Filter>source\angelscript</Filter>
    </ClCompile>
    <ClCompile Include="..\..\source\angelscript\scriptstdstring.cpp">
      <Filter>source\angelscript</Filter>
    </ClCompile>
    <ClCompile Include="..\..\source\angelscript\scriptstdstring_utils.cpp">
      <Filter>source\angelscript</Filter>
    </ClCompile>
    <ClCompile Include="..\..\source\platform\android\app-android.cpp">
      <Filter>source\platform\android</Filter>
    </ClCompile>
    <ClCompile Include="..\..\source\platform\android\importgl.c">
      <Filter>source\platform\android</Filter>
    </ClCompile>
    <ClCompile Include="..\..\source\platform\android\java-wrapper.c">
      <Filter>source\platform\android</Filter>
    </ClCompile>
    <ClCompile Include="..\..\source\core\directoryMonitor.cpp">
      <Filter>source\core</Filter>
    </ClCompile>
    <ClCompile Include="..\..\source\core\keybind.cpp">
      <Filter>source\core</Filter>
    </ClCompile>
    <ClCompile Include="..\..\source\core\profiler.cpp">
      <Filter>source\core</Filter>
    </ClCompile>
    <ClCompile Include="..\..\source\core\socket.cpp">
      <Filter>source\core</Filter>
    </ClCompile>
    <ClCompile Include="..\..\source\platform\platform.cpp">
      <Filter>source\platform</Filter>
    </ClCompile>
    <ClCompile Include="..\..\source\math\math.cpp">
      <Filter>source\math</Filter>
    </ClCompile>
    <ClCompile Include="..\..\source\math\rect.cpp">
      <Filter>source\math</Filter>
    </ClCompile>
    <ClCompile Include="..\..\source\math\vector.cpp">
      <Filter>source\math</Filter>
    </ClCompile>
    <ClCompile Include="..\..\source\render\gfx.cpp">
      <Filter>source\render</Filter>
    </ClCompile>
    <ClCompile Include="..\..\source\render\texbmp.cpp">
      <Filter>source\render</Filter>
    </ClCompile>
    <ClCompile Include="..\..\source\render\texpng.cpp">
      <Filter>source\render</Filter>
    </ClCompile>
    <ClCompile Include="..\..\source\sound\sfx.cpp">
      <Filter>source\sound</Filter>
    </ClCompile>
    <ClCompile Include="..\..\source\sound\sfxWav.cpp">
      <Filter>source\sound</Filter>
    </ClCompile>
    <ClCompile Include="..\..\source\core\debugger.cpp">
      <Filter>source\core</Filter>
    </ClCompile>
    <ClCompile Include="..\..\source\render\pbo.cpp">
      <Filter>source\render</Filter>
    </ClCompile>
    <ClCompile Include="..\..\source\core\cursor.cpp">
      <Filter>source\core</Filter>
    </ClCompile>
    <ClCompile Include="..\..\source\net\sockets.cpp">
      <Filter>source\net</Filter>
    </ClCompile>
    <ClCompile Include="..\..\source\net\packet.cpp">
      <Filter>source\net</Filter>
    </ClCompile>
    <ClCompile Include="..\..\source\net\server.cpp">
      <Filter>source\net</Filter>
    </ClCompile>
    <ClCompile Include="..\..\source\core\engine.cpp">
      <Filter>source\core</Filter>
    </ClCompile>
    <ClCompile Include="..\..\source\platform\main.cpp">
      <Filter>source\platform</Filter>
    </ClCompile>
    <ClCompile Include="..\..\source\platform\application.cpp">
      <Filter>source\platform</Filter>
    </ClCompile>
    <ClCompile Include="..\..\source\platform\win32\app-win32.cpp">
      <Filter>source\platform\win32</Filter>
    </ClCompile>
    <ClCompile Include="..\..\source\angelscript\scriptgrid.cpp">
      <Filter>source\angelscript</Filter>
    </ClCompile>
    <ClCompile Include="..\..\source\sound\openAL.cpp">
      <Filter>source\sound</Filter>
    </ClCompile>
    <ClCompile Include="..\..\source\core\scripts.cpp">
      <Filter>source\core</Filter>
    </ClCompile>
    <ClCompile Include="..\..\source\core\io.cpp">
      <Filter>source\core</Filter>
    </ClCompile>
    <ClCompile Include="..\..\source\core\console.cpp">
      <Filter>source\core</Filter>
    </ClCompile>
  </ItemGroup>
  <ItemGroup>
    <ClInclude Include="..\..\source\angelscript\scriptarray.h">
      <Filter>source\angelscript</Filter>
    </ClInclude>
    <ClInclude Include="..\..\source\angelscript\scriptbuilder.h">
      <Filter>source\angelscript</Filter>
    </ClInclude>
    <ClInclude Include="..\..\source\angelscript\scripthelper.h">
      <Filter>source\angelscript</Filter>
    </ClInclude>
    <ClInclude Include="..\..\source\angelscript\scriptstdstring.h">
      <Filter>source\angelscript</Filter>
    </ClInclude>
    <ClInclude Include="..\..\source\platform\android\java-wrapper.h">
      <Filter>source\platform\android</Filter>
    </ClInclude>
    <ClInclude Include="..\..\source\platform\android\app-android.h">
      <Filter>source\platform\android</Filter>
    </ClInclude>
    <ClInclude Include="..\..\source\platform\android\importgl.h">
      <Filter>source\platform\android</Filter>
    </ClInclude>
    <ClInclude Include="..\..\source\core\directoryMonitor.h">
      <Filter>source\core</Filter>
    </ClInclude>
    <ClInclude Include="..\..\source\core\hrtimer.h">
      <Filter>source\core</Filter>
    </ClInclude>
    <ClInclude Include="..\..\source\core\keybind.h">
      <Filter>source\core</Filter>
    </ClInclude>
    <ClInclude Include="..\..\source\core\profiler.h">
      <Filter>source\core</Filter>
    </ClInclude>
    <ClInclude Include="..\..\source\core\socket.h">
      <Filter>source\core</Filter>
    </ClInclude>
    <ClInclude Include="..\..\source\math\math.h">
      <Filter>source\math</Filter>
    </ClInclude>
    <ClInclude Include="..\..\source\math\rect.h">
      <Filter>source\math</Filter>
    </ClInclude>
    <ClInclude Include="..\..\source\math\vector.h">
      <Filter>source\math</Filter>
    </ClInclude>
    <ClInclude Include="..\..\source\render\gfx.h">
      <Filter>source\render</Filter>
    </ClInclude>
    <ClInclude Include="..\..\source\render\texbmp.h">
      <Filter>source\render</Filter>
    </ClInclude>
    <ClInclude Include="..\..\source\render\texpng.h">
      <Filter>source\render</Filter>
    </ClInclude>
    <ClInclude Include="..\..\source\sound\sfx.h">
      <Filter>source\sound</Filter>
    </ClInclude>
    <ClInclude Include="..\..\source\sound\sfxWav.h">
      <Filter>source\sound</Filter>
    </ClInclude>
    <ClInclude Include="..\..\source\manual\doxygen.h">
      <Filter>source\manual</Filter>
    </ClInclude>
    <ClInclude Include="..\..\source\render\pbo.h">
      <Filter>source\render</Filter>
    </ClInclude>
    <ClInclude Include="..\..\source\core\debugger.h">
      <Filter>source\core</Filter>
    </ClInclude>
    <ClInclude Include="..\..\source\core\cursor.h">
      <Filter>source\core</Filter>
    </ClInclude>
    <ClInclude Include="..\..\source\net\net.h">
      <Filter>source\net</Filter>
    </ClInclude>
    <ClInclude Include="..\..\source\net\packet.h">
      <Filter>source\net</Filter>
    </ClInclude>
    <ClInclude Include="..\..\source\net\address.h">
      <Filter>source\net</Filter>
    </ClInclude>
    <ClInclude Include="..\..\source\net\sockets.h">
      <Filter>source\net</Filter>
    </ClInclude>
    <ClInclude Include="..\..\source\platform\application.h">
      <Filter>source\platform</Filter>
    </ClInclude>
    <ClInclude Include="..\..\source\platform\win32\app-win32.h">
      <Filter>source\platform\win32</Filter>
    </ClInclude>
    <ClInclude Include="..\..\source\angelscript\scriptgrid.h">
      <Filter>source\angelscript</Filter>
    </ClInclude>
    <ClInclude Include="..\..\source\sound\openAL.h">
      <Filter>source\sound</Filter>
    </ClInclude>
    <ClInclude Include="..\..\source\core\io.h">
      <Filter>source\core</Filter>
    </ClInclude>
    <ClInclude Include="..\..\source\core\console.h">
      <Filter>source\core</Filter>
    </ClInclude>
    <ClInclude Include="..\..\include\platform.h">
      <Filter>source\platform</Filter>
    </ClInclude>
    <ClInclude Include="..\..\include\core\engine.h">
      <Filter>source\core</Filter>
    </ClInclude>
    <ClInclude Include="..\..\include\core\scripts.h">
      <Filter>source\core</Filter>
    </ClInclude>
  </ItemGroup>
  <ItemGroup>
    <ResourceCompile Include="resources.rc" />
  </ItemGroup>
</Project>