<?xml version="1.0" encoding="utf-8"?>
<Project ToolsVersion="4.0" xmlns="http://schemas.microsoft.com/developer/msbuild/2003">
  <ItemGroup>
    <ClCompile Include="..\Source\Main.cpp" />
  </ItemGroup>
  <ItemGroup>
    <Filter Include="Data">
      <UniqueIdentifier>{e0854144-82d1-4ba6-997e-4278e98406ba}</UniqueIdentifier>
    </Filter>
  </ItemGroup>
  <ItemGroup>
    <Xml Include="..\Data\Resources.xml">
      <Filter>Data</Filter>
    </Xml>
  </ItemGroup>
  <ItemGroup>
    <None Include="..\Data\Shader\Generation.frag">
      <Filter>Data</Filter>
    </None>
    <None Include="..\Data\Shader\Generation.vert">
      <Filter>Data</Filter>
    </None>
    <None Include="..\Data\Shader\Testing.frag">
      <Filter>Data</Filter>
    </None>
    <None Include="..\Data\Shader\Testing.vert">
      <Filter>Data</Filter>
    </None>
  </ItemGroup>
</Project>