
Microsoft Visual Studio Solution File, Format Version 12.00
# Visual Studio 15
VisualStudioVersion = 15.0.27004.2005
MinimumVisualStudioVersion = 10.0.40219.1
Project("{8BC9CEB8-8B4A-11D0-8D11-00A0C91BC942}") = "gl3w", "..\..\3rdparty\gl3w\gl3w.vcxproj", "{E23AC19A-6A24-4EE6-B843-99001B2568F0}"
EndProject
Project("{8BC9CEB8-8B4A-11D0-8D11-00A0C91BC942}") = "SDL2", "..\..\3rdparty\SDL\VisualC\SDL\SDL_VS2015.vcxproj", "{81CE8DAF-EBB2-4761-8E45-B71ABCCA8C68}"
EndProject
Project("{8BC9CEB8-8B4A-11D0-8D11-00A0C91BC942}") = "SDL2main", "..\..\3rdparty\SDL\VisualC\SDLmain\SDLmain_VS2015.vcxproj", "{DA956FD3-E142-46F2-9DD5-C78BEBB56B7A}"
EndProject
Project("{8BC9CEB8-8B4A-11D0-8D11-00A0C91BC942}") = "SDL2_image", "..\..\3rdparty\SDL_image\VisualC\SDL_image_VS2015.vcxproj", "{2BD5534E-00E2-4BEA-AC96-D9A92EA24696}"
	ProjectSection(ProjectDependencies) = postProject
		{81CE8DAF-EBB2-4761-8E45-B71ABCCA8C68} = {81CE8DAF-EBB2-4761-8E45-B71ABCCA8C68}
	EndProjectSection
EndProject
Project("{8BC9CEB8-8B4A-11D0-8D11-00A0C91BC942}") = "SDL2_mixer", "..\..\3rdparty\SDL_mixer\VisualC\SDL_mixer_VS2015.vcxproj", "{F7E944B3-0815-40CD-B3E4-90B2A15B0E33}"
	ProjectSection(ProjectDependencies) = postProject
		{81CE8DAF-EBB2-4761-8E45-B71ABCCA8C68} = {81CE8DAF-EBB2-4761-8E45-B71ABCCA8C68}
	EndProjectSection
EndProject
Project("{2150E333-8FDC-42A3-9474-1A3956D46DE8}") = "Samples", "Samples", "{52A3D16B-ED61-40D4-8804-C241B45F0B10}"
EndProject
Project("{8BC9CEB8-8B4A-11D0-8D11-00A0C91BC942}") = "Minimal", "..\..\samples\Minimal\Project\Minimal.vcxproj", "{7A44F0BC-017A-4954-AC15-4B357471983C}"
	ProjectSection(ProjectDependencies) = postProject
		{F3F25B49-2C6B-4FF0-98FB-47695DF70B8A} = {F3F25B49-2C6B-4FF0-98FB-47695DF70B8A}
	EndProjectSection
EndProject
Project("{8BC9CEB8-8B4A-11D0-8D11-00A0C91BC942}") = "Testing", "..\..\samples\Testing\Project\Testing.vcxproj", "{615FF2A0-5F99-4B6A-B3DE-2D52C773A9A9}"
	ProjectSection(ProjectDependencies) = postProject
		{F3F25B49-2C6B-4FF0-98FB-47695DF70B8A} = {F3F25B49-2C6B-4FF0-98FB-47695DF70B8A}
	EndProjectSection
EndProject
Project("{8BC9CEB8-8B4A-11D0-8D11-00A0C91BC942}") = "SceneGraph", "..\..\samples\SceneGraph\Project\SceneGraph.vcxproj", "{3A838EE6-19C4-4687-B7E4-06D574F4A7E8}"
	ProjectSection(ProjectDependencies) = postProject
		{F3F25B49-2C6B-4FF0-98FB-47695DF70B8A} = {F3F25B49-2C6B-4FF0-98FB-47695DF70B8A}
	EndProjectSection
EndProject
Project("{8BC9CEB8-8B4A-11D0-8D11-00A0C91BC942}") = "FullScreen", "..\..\samples\FullScreen\Project\FullScreen.vcxproj", "{10FC59C2-4E33-4135-A93B-6F89122293ED}"
	ProjectSection(ProjectDependencies) = postProject
		{F3F25B49-2C6B-4FF0-98FB-47695DF70B8A} = {F3F25B49-2C6B-4FF0-98FB-47695DF70B8A}
	EndProjectSection
EndProject
Project("{8BC9CEB8-8B4A-11D0-8D11-00A0C91BC942}") = "DrawText", "..\..\samples\DrawText\Project\DrawText.vcxproj", "{8606C81C-4646-4FFF-9B83-20E7F75AE85F}"
	ProjectSection(ProjectDependencies) = postProject
		{F3F25B49-2C6B-4FF0-98FB-47695DF70B8A} = {F3F25B49-2C6B-4FF0-98FB-47695DF70B8A}
	EndProjectSection
EndProject
Project("{8BC9CEB8-8B4A-11D0-8D11-00A0C91BC942}") = "TextureAtlas", "..\..\samples\TextureAtlas\Project\TextureAtlas.vcxproj", "{F1C5574E-6A8C-42FB-BBF0-6AAB04230C42}"
	ProjectSection(ProjectDependencies) = postProject
		{F3F25B49-2C6B-4FF0-98FB-47695DF70B8A} = {F3F25B49-2C6B-4FF0-98FB-47695DF70B8A}
	EndProjectSection
EndProject
Project("{8BC9CEB8-8B4A-11D0-8D11-00A0C91BC942}") = "Gui", "..\..\samples\Gui\Project\Gui.vcxproj", "{46B706DD-17FB-4457-92E7-2DDA1878FC9A}"
	ProjectSection(ProjectDependencies) = postProject
		{F3F25B49-2C6B-4FF0-98FB-47695DF70B8A} = {F3F25B49-2C6B-4FF0-98FB-47695DF70B8A}
	EndProjectSection
EndProject
Project("{8BC9CEB8-8B4A-11D0-8D11-00A0C91BC942}") = "Shaders", "..\..\samples\Shaders\Project\Shaders.vcxproj", "{CA716EDE-0239-4856-B247-8236B85635FA}"
	ProjectSection(ProjectDependencies) = postProject
		{F3F25B49-2C6B-4FF0-98FB-47695DF70B8A} = {F3F25B49-2C6B-4FF0-98FB-47695DF70B8A}
	EndProjectSection
EndProject
Project("{8BC9CEB8-8B4A-11D0-8D11-00A0C91BC942}") = "Keybinds", "..\..\samples\Keybinds\Project\Keybinds.vcxproj", "{732EE2F1-689C-43BB-B0A7-17F44AE5E056}"
	ProjectSection(ProjectDependencies) = postProject
		{F3F25B49-2C6B-4FF0-98FB-47695DF70B8A} = {F3F25B49-2C6B-4FF0-98FB-47695DF70B8A}
	EndProjectSection
EndProject
Project("{8BC9CEB8-8B4A-11D0-8D11-00A0C91BC942}") = "RandomNoiseGPU", "..\..\samples\RandomNoiseGPU\Project\RandomNoiseGPU.vcxproj", "{7F4BAC8A-5B6C-4120-B1B4-8772C5022352}"
	ProjectSection(ProjectDependencies) = postProject
		{F3F25B49-2C6B-4FF0-98FB-47695DF70B8A} = {F3F25B49-2C6B-4FF0-98FB-47695DF70B8A}
	EndProjectSection
EndProject
Project("{8BC9CEB8-8B4A-11D0-8D11-00A0C91BC942}") = "SauceEngine", "SauceEngine.vcxproj", "{F3F25B49-2C6B-4FF0-98FB-47695DF70B8A}"
	ProjectSection(ProjectDependencies) = postProject
		{2BD5534E-00E2-4BEA-AC96-D9A92EA24696} = {2BD5534E-00E2-4BEA-AC96-D9A92EA24696}
		{E23AC19A-6A24-4EE6-B843-99001B2568F0} = {E23AC19A-6A24-4EE6-B843-99001B2568F0}
		{81CE8DAF-EBB2-4761-8E45-B71ABCCA8C68} = {81CE8DAF-EBB2-4761-8E45-B71ABCCA8C68}
		{F7E944B3-0815-40CD-B3E4-90B2A15B0E33} = {F7E944B3-0815-40CD-B3E4-90B2A15B0E33}
		{DA956FD3-E142-46F2-9DD5-C78BEBB56B7A} = {DA956FD3-E142-46F2-9DD5-C78BEBB56B7A}
	EndProjectSection
EndProject
Project("{8BC9CEB8-8B4A-11D0-8D11-00A0C91BC942}") = "ShadowCasting", "..\..\samples\ShadowCasting\Project\ShadowCasting.vcxproj", "{92849309-7AA6-401E-8288-7FAFABA3C929}"
	ProjectSection(ProjectDependencies) = postProject
		{F3F25B49-2C6B-4FF0-98FB-47695DF70B8A} = {F3F25B49-2C6B-4FF0-98FB-47695DF70B8A}
	EndProjectSection
EndProject
Project("{8BC9CEB8-8B4A-11D0-8D11-00A0C91BC942}") = "GameController", "..\..\samples\GameController\Project\GameController.vcxproj", "{61BA0901-09CC-45C4-B009-983765A2D28C}"
	ProjectSection(ProjectDependencies) = postProject
		{F3F25B49-2C6B-4FF0-98FB-47695DF70B8A} = {F3F25B49-2C6B-4FF0-98FB-47695DF70B8A}
	EndProjectSection
EndProject
Project("{8BC9CEB8-8B4A-11D0-8D11-00A0C91BC942}") = "PhysicsEngine", "..\..\samples\PhysicsEngine\Project\PhysicsEngine.vcxproj", "{7D9E7473-F52F-4E9A-A480-ED498907C9EA}"
	ProjectSection(ProjectDependencies) = postProject
		{F3F25B49-2C6B-4FF0-98FB-47695DF70B8A} = {F3F25B49-2C6B-4FF0-98FB-47695DF70B8A}
	EndProjectSection
EndProject
Global
	GlobalSection(SolutionConfigurationPlatforms) = preSolution
		Debug|Win32 = Debug|Win32
		Debug|x64 = Debug|x64
		Release|Win32 = Release|Win32
		Release|x64 = Release|x64
	EndGlobalSection
	GlobalSection(ProjectConfigurationPlatforms) = postSolution
		{E23AC19A-6A24-4EE6-B843-99001B2568F0}.Debug|Win32.ActiveCfg = Debug|Win32
		{E23AC19A-6A24-4EE6-B843-99001B2568F0}.Debug|Win32.Build.0 = Debug|Win32
		{E23AC19A-6A24-4EE6-B843-99001B2568F0}.Debug|x64.ActiveCfg = Debug|Win32
		{E23AC19A-6A24-4EE6-B843-99001B2568F0}.Release|Win32.ActiveCfg = Release|Win32
		{E23AC19A-6A24-4EE6-B843-99001B2568F0}.Release|Win32.Build.0 = Release|Win32
		{E23AC19A-6A24-4EE6-B843-99001B2568F0}.Release|x64.ActiveCfg = Release|Win32
		{81CE8DAF-EBB2-4761-8E45-B71ABCCA8C68}.Debug|Win32.ActiveCfg = Debug|Win32
		{81CE8DAF-EBB2-4761-8E45-B71ABCCA8C68}.Debug|Win32.Build.0 = Debug|Win32
		{81CE8DAF-EBB2-4761-8E45-B71ABCCA8C68}.Debug|x64.ActiveCfg = Debug|x64
		{81CE8DAF-EBB2-4761-8E45-B71ABCCA8C68}.Debug|x64.Build.0 = Debug|x64
		{81CE8DAF-EBB2-4761-8E45-B71ABCCA8C68}.Release|Win32.ActiveCfg = Release|Win32
		{81CE8DAF-EBB2-4761-8E45-B71ABCCA8C68}.Release|Win32.Build.0 = Release|Win32
		{81CE8DAF-EBB2-4761-8E45-B71ABCCA8C68}.Release|x64.ActiveCfg = Release|x64
		{81CE8DAF-EBB2-4761-8E45-B71ABCCA8C68}.Release|x64.Build.0 = Release|x64
		{DA956FD3-E142-46F2-9DD5-C78BEBB56B7A}.Debug|Win32.ActiveCfg = Debug|Win32
		{DA956FD3-E142-46F2-9DD5-C78BEBB56B7A}.Debug|Win32.Build.0 = Debug|Win32
		{DA956FD3-E142-46F2-9DD5-C78BEBB56B7A}.Debug|x64.ActiveCfg = Debug|x64
		{DA956FD3-E142-46F2-9DD5-C78BEBB56B7A}.Debug|x64.Build.0 = Debug|x64
		{DA956FD3-E142-46F2-9DD5-C78BEBB56B7A}.Release|Win32.ActiveCfg = Release|Win32
		{DA956FD3-E142-46F2-9DD5-C78BEBB56B7A}.Release|Win32.Build.0 = Release|Win32
		{DA956FD3-E142-46F2-9DD5-C78BEBB56B7A}.Release|x64.ActiveCfg = Release|x64
		{DA956FD3-E142-46F2-9DD5-C78BEBB56B7A}.Release|x64.Build.0 = Release|x64
		{2BD5534E-00E2-4BEA-AC96-D9A92EA24696}.Debug|Win32.ActiveCfg = Debug|Win32
		{2BD5534E-00E2-4BEA-AC96-D9A92EA24696}.Debug|Win32.Build.0 = Debug|Win32
		{2BD5534E-00E2-4BEA-AC96-D9A92EA24696}.Debug|x64.ActiveCfg = Debug|x64
		{2BD5534E-00E2-4BEA-AC96-D9A92EA24696}.Debug|x64.Build.0 = Debug|x64
		{2BD5534E-00E2-4BEA-AC96-D9A92EA24696}.Release|Win32.ActiveCfg = Release|Win32
		{2BD5534E-00E2-4BEA-AC96-D9A92EA24696}.Release|Win32.Build.0 = Release|Win32
		{2BD5534E-00E2-4BEA-AC96-D9A92EA24696}.Release|x64.ActiveCfg = Release|x64
		{2BD5534E-00E2-4BEA-AC96-D9A92EA24696}.Release|x64.Build.0 = Release|x64
		{F7E944B3-0815-40CD-B3E4-90B2A15B0E33}.Debug|Win32.ActiveCfg = Debug|Win32
		{F7E944B3-0815-40CD-B3E4-90B2A15B0E33}.Debug|Win32.Build.0 = Debug|Win32
		{F7E944B3-0815-40CD-B3E4-90B2A15B0E33}.Debug|x64.ActiveCfg = Debug|x64
		{F7E944B3-0815-40CD-B3E4-90B2A15B0E33}.Debug|x64.Build.0 = Debug|x64
		{F7E944B3-0815-40CD-B3E4-90B2A15B0E33}.Release|Win32.ActiveCfg = Release|Win32
		{F7E944B3-0815-40CD-B3E4-90B2A15B0E33}.Release|Win32.Build.0 = Release|Win32
		{F7E944B3-0815-40CD-B3E4-90B2A15B0E33}.Release|x64.ActiveCfg = Release|x64
		{F7E944B3-0815-40CD-B3E4-90B2A15B0E33}.Release|x64.Build.0 = Release|x64
		{7A44F0BC-017A-4954-AC15-4B357471983C}.Debug|Win32.ActiveCfg = Debug|Win32
		{7A44F0BC-017A-4954-AC15-4B357471983C}.Debug|Win32.Build.0 = Debug|Win32
		{7A44F0BC-017A-4954-AC15-4B357471983C}.Debug|x64.ActiveCfg = Debug|Win32
		{7A44F0BC-017A-4954-AC15-4B357471983C}.Release|Win32.ActiveCfg = Release|Win32
		{7A44F0BC-017A-4954-AC15-4B357471983C}.Release|Win32.Build.0 = Release|Win32
		{7A44F0BC-017A-4954-AC15-4B357471983C}.Release|x64.ActiveCfg = Release|Win32
		{615FF2A0-5F99-4B6A-B3DE-2D52C773A9A9}.Debug|Win32.ActiveCfg = Debug|Win32
		{615FF2A0-5F99-4B6A-B3DE-2D52C773A9A9}.Debug|Win32.Build.0 = Debug|Win32
		{615FF2A0-5F99-4B6A-B3DE-2D52C773A9A9}.Debug|x64.ActiveCfg = Debug|Win32
		{615FF2A0-5F99-4B6A-B3DE-2D52C773A9A9}.Release|Win32.ActiveCfg = Release|Win32
		{615FF2A0-5F99-4B6A-B3DE-2D52C773A9A9}.Release|Win32.Build.0 = Release|Win32
		{615FF2A0-5F99-4B6A-B3DE-2D52C773A9A9}.Release|x64.ActiveCfg = Release|Win32
		{3A838EE6-19C4-4687-B7E4-06D574F4A7E8}.Debug|Win32.ActiveCfg = Debug|Win32
		{3A838EE6-19C4-4687-B7E4-06D574F4A7E8}.Debug|Win32.Build.0 = Debug|Win32
		{3A838EE6-19C4-4687-B7E4-06D574F4A7E8}.Debug|x64.ActiveCfg = Debug|Win32
		{3A838EE6-19C4-4687-B7E4-06D574F4A7E8}.Release|Win32.ActiveCfg = Release|Win32
		{3A838EE6-19C4-4687-B7E4-06D574F4A7E8}.Release|Win32.Build.0 = Release|Win32
		{3A838EE6-19C4-4687-B7E4-06D574F4A7E8}.Release|x64.ActiveCfg = Release|Win32
		{10FC59C2-4E33-4135-A93B-6F89122293ED}.Debug|Win32.ActiveCfg = Debug|Win32
		{10FC59C2-4E33-4135-A93B-6F89122293ED}.Debug|Win32.Build.0 = Debug|Win32
		{10FC59C2-4E33-4135-A93B-6F89122293ED}.Debug|x64.ActiveCfg = Debug|Win32
		{10FC59C2-4E33-4135-A93B-6F89122293ED}.Release|Win32.ActiveCfg = Release|Win32
		{10FC59C2-4E33-4135-A93B-6F89122293ED}.Release|Win32.Build.0 = Release|Win32
		{10FC59C2-4E33-4135-A93B-6F89122293ED}.Release|x64.ActiveCfg = Release|Win32
		{8606C81C-4646-4FFF-9B83-20E7F75AE85F}.Debug|Win32.ActiveCfg = Debug|Win32
		{8606C81C-4646-4FFF-9B83-20E7F75AE85F}.Debug|Win32.Build.0 = Debug|Win32
		{8606C81C-4646-4FFF-9B83-20E7F75AE85F}.Debug|x64.ActiveCfg = Debug|Win32
		{8606C81C-4646-4FFF-9B83-20E7F75AE85F}.Release|Win32.ActiveCfg = Release|Win32
		{8606C81C-4646-4FFF-9B83-20E7F75AE85F}.Release|Win32.Build.0 = Release|Win32
		{8606C81C-4646-4FFF-9B83-20E7F75AE85F}.Release|x64.ActiveCfg = Release|Win32
		{F1C5574E-6A8C-42FB-BBF0-6AAB04230C42}.Debug|Win32.ActiveCfg = Debug|Win32
		{F1C5574E-6A8C-42FB-BBF0-6AAB04230C42}.Debug|Win32.Build.0 = Debug|Win32
		{F1C5574E-6A8C-42FB-BBF0-6AAB04230C42}.Debug|x64.ActiveCfg = Debug|Win32
		{F1C5574E-6A8C-42FB-BBF0-6AAB04230C42}.Release|Win32.ActiveCfg = Release|Win32
		{F1C5574E-6A8C-42FB-BBF0-6AAB04230C42}.Release|Win32.Build.0 = Release|Win32
		{F1C5574E-6A8C-42FB-BBF0-6AAB04230C42}.Release|x64.ActiveCfg = Release|Win32
		{46B706DD-17FB-4457-92E7-2DDA1878FC9A}.Debug|Win32.ActiveCfg = Debug|Win32
		{46B706DD-17FB-4457-92E7-2DDA1878FC9A}.Debug|Win32.Build.0 = Debug|Win32
		{46B706DD-17FB-4457-92E7-2DDA1878FC9A}.Debug|x64.ActiveCfg = Debug|Win32
		{46B706DD-17FB-4457-92E7-2DDA1878FC9A}.Release|Win32.ActiveCfg = Release|Win32
		{46B706DD-17FB-4457-92E7-2DDA1878FC9A}.Release|Win32.Build.0 = Release|Win32
		{46B706DD-17FB-4457-92E7-2DDA1878FC9A}.Release|x64.ActiveCfg = Release|Win32
		{CA716EDE-0239-4856-B247-8236B85635FA}.Debug|Win32.ActiveCfg = Debug|Win32
		{CA716EDE-0239-4856-B247-8236B85635FA}.Debug|Win32.Build.0 = Debug|Win32
		{CA716EDE-0239-4856-B247-8236B85635FA}.Debug|x64.ActiveCfg = Debug|Win32
		{CA716EDE-0239-4856-B247-8236B85635FA}.Release|Win32.ActiveCfg = Release|Win32
		{CA716EDE-0239-4856-B247-8236B85635FA}.Release|Win32.Build.0 = Release|Win32
		{CA716EDE-0239-4856-B247-8236B85635FA}.Release|x64.ActiveCfg = Release|Win32
		{732EE2F1-689C-43BB-B0A7-17F44AE5E056}.Debug|Win32.ActiveCfg = Debug|Win32
		{732EE2F1-689C-43BB-B0A7-17F44AE5E056}.Debug|Win32.Build.0 = Debug|Win32
		{732EE2F1-689C-43BB-B0A7-17F44AE5E056}.Debug|x64.ActiveCfg = Debug|Win32
		{732EE2F1-689C-43BB-B0A7-17F44AE5E056}.Release|Win32.ActiveCfg = Release|Win32
		{732EE2F1-689C-43BB-B0A7-17F44AE5E056}.Release|Win32.Build.0 = Release|Win32
		{732EE2F1-689C-43BB-B0A7-17F44AE5E056}.Release|x64.ActiveCfg = Release|Win32
		{7F4BAC8A-5B6C-4120-B1B4-8772C5022352}.Debug|Win32.ActiveCfg = Debug|Win32
		{7F4BAC8A-5B6C-4120-B1B4-8772C5022352}.Debug|Win32.Build.0 = Debug|Win32
		{7F4BAC8A-5B6C-4120-B1B4-8772C5022352}.Debug|x64.ActiveCfg = Debug|Win32
		{7F4BAC8A-5B6C-4120-B1B4-8772C5022352}.Release|Win32.ActiveCfg = Release|Win32
		{7F4BAC8A-5B6C-4120-B1B4-8772C5022352}.Release|Win32.Build.0 = Release|Win32
		{7F4BAC8A-5B6C-4120-B1B4-8772C5022352}.Release|x64.ActiveCfg = Release|Win32
		{F3F25B49-2C6B-4FF0-98FB-47695DF70B8A}.Debug|Win32.ActiveCfg = Debug|Win32
		{F3F25B49-2C6B-4FF0-98FB-47695DF70B8A}.Debug|Win32.Build.0 = Debug|Win32
		{F3F25B49-2C6B-4FF0-98FB-47695DF70B8A}.Debug|x64.ActiveCfg = Debug|Win32
		{F3F25B49-2C6B-4FF0-98FB-47695DF70B8A}.Release|Win32.ActiveCfg = Release|Win32
		{F3F25B49-2C6B-4FF0-98FB-47695DF70B8A}.Release|Win32.Build.0 = Release|Win32
		{F3F25B49-2C6B-4FF0-98FB-47695DF70B8A}.Release|x64.ActiveCfg = Release|Win32
		{92849309-7AA6-401E-8288-7FAFABA3C929}.Debug|Win32.ActiveCfg = Debug|Win32
		{92849309-7AA6-401E-8288-7FAFABA3C929}.Debug|Win32.Build.0 = Debug|Win32
		{92849309-7AA6-401E-8288-7FAFABA3C929}.Debug|x64.ActiveCfg = Debug|Win32
		{92849309-7AA6-401E-8288-7FAFABA3C929}.Release|Win32.ActiveCfg = Release|Win32
		{92849309-7AA6-401E-8288-7FAFABA3C929}.Release|Win32.Build.0 = Release|Win32
		{92849309-7AA6-401E-8288-7FAFABA3C929}.Release|x64.ActiveCfg = Release|Win32
		{61BA0901-09CC-45C4-B009-983765A2D28C}.Debug|Win32.ActiveCfg = Debug|Win32
		{61BA0901-09CC-45C4-B009-983765A2D28C}.Debug|Win32.Build.0 = Debug|Win32
		{61BA0901-09CC-45C4-B009-983765A2D28C}.Debug|x64.ActiveCfg = Debug|Win32
		{61BA0901-09CC-45C4-B009-983765A2D28C}.Release|Win32.ActiveCfg = Release|Win32
		{61BA0901-09CC-45C4-B009-983765A2D28C}.Release|Win32.Build.0 = Release|Win32
		{61BA0901-09CC-45C4-B009-983765A2D28C}.Release|x64.ActiveCfg = Release|Win32
		{7D9E7473-F52F-4E9A-A480-ED498907C9EA}.Debug|Win32.ActiveCfg = Debug|Win32
		{7D9E7473-F52F-4E9A-A480-ED498907C9EA}.Debug|Win32.Build.0 = Debug|Win32
		{7D9E7473-F52F-4E9A-A480-ED498907C9EA}.Debug|x64.ActiveCfg = Debug|Win32
		{7D9E7473-F52F-4E9A-A480-ED498907C9EA}.Release|Win32.ActiveCfg = Release|Win32
		{7D9E7473-F52F-4E9A-A480-ED498907C9EA}.Release|Win32.Build.0 = Release|Win32
		{7D9E7473-F52F-4E9A-A480-ED498907C9EA}.Release|x64.ActiveCfg = Release|Win32
	EndGlobalSection
	GlobalSection(SolutionProperties) = preSolution
		HideSolutionNode = FALSE
	EndGlobalSection
	GlobalSection(NestedProjects) = preSolution
		{7A44F0BC-017A-4954-AC15-4B357471983C} = {52A3D16B-ED61-40D4-8804-C241B45F0B10}
		{615FF2A0-5F99-4B6A-B3DE-2D52C773A9A9} = {52A3D16B-ED61-40D4-8804-C241B45F0B10}
		{3A838EE6-19C4-4687-B7E4-06D574F4A7E8} = {52A3D16B-ED61-40D4-8804-C241B45F0B10}
		{10FC59C2-4E33-4135-A93B-6F89122293ED} = {52A3D16B-ED61-40D4-8804-C241B45F0B10}
		{8606C81C-4646-4FFF-9B83-20E7F75AE85F} = {52A3D16B-ED61-40D4-8804-C241B45F0B10}
		{F1C5574E-6A8C-42FB-BBF0-6AAB04230C42} = {52A3D16B-ED61-40D4-8804-C241B45F0B10}
		{46B706DD-17FB-4457-92E7-2DDA1878FC9A} = {52A3D16B-ED61-40D4-8804-C241B45F0B10}
		{CA716EDE-0239-4856-B247-8236B85635FA} = {52A3D16B-ED61-40D4-8804-C241B45F0B10}
		{732EE2F1-689C-43BB-B0A7-17F44AE5E056} = {52A3D16B-ED61-40D4-8804-C241B45F0B10}
		{7F4BAC8A-5B6C-4120-B1B4-8772C5022352} = {52A3D16B-ED61-40D4-8804-C241B45F0B10}
		{92849309-7AA6-401E-8288-7FAFABA3C929} = {52A3D16B-ED61-40D4-8804-C241B45F0B10}
		{61BA0901-09CC-45C4-B009-983765A2D28C} = {52A3D16B-ED61-40D4-8804-C241B45F0B10}
		{7D9E7473-F52F-4E9A-A480-ED498907C9EA} = {52A3D16B-ED61-40D4-8804-C241B45F0B10}
	EndGlobalSection
	GlobalSection(ExtensibilityGlobals) = postSolution
		SolutionGuid = {0D9DB0BD-798E-4276-BDD2-8C747C54E3DC}
	EndGlobalSection
EndGlobal
