<?xml version="1.0" encoding="utf-8"?>
<Project ToolsVersion="4.0" xmlns="http://schemas.microsoft.com/developer/msbuild/2003">
  <ItemGroup>
    <ClCompile Include="..\Source\Main.cpp" />
    <ClCompile Include="..\Source\Camera.cpp" />
  </ItemGroup>
  <ItemGroup>
    <Filter Include="Data">
      <UniqueIdentifier>{dcf658a8-c693-4a06-bb40-ebd90fb1bee8}</UniqueIdentifier>
    </Filter>
  </ItemGroup>
  <ItemGroup>
    <None Include="..\Data\Default.frag">
      <Filter>Data</Filter>
    </None>
    <None Include="..\Data\Default.vert">
      <Filter>Data</Filter>
    </None>
  </ItemGroup>
  <ItemGroup>
    <Xml Include="..\Data\Resources.xml">
      <Filter>Data</Filter>
    </Xml>
  </ItemGroup>
  <ItemGroup>
    <ClInclude Include="..\Source\Camera.h" />
  </ItemGroup>
</Project>