<?xml version="1.0" encoding="utf-8"?>
<Project ToolsVersion="4.0" xmlns="http://schemas.microsoft.com/developer/msbuild/2003">
  <ItemGroup>
    <ClCompile Include="..\Source\Main.cpp" />
  </ItemGroup>
  <ItemGroup>
    <Xml Include="..\Data\Resources.xml" />
  </ItemGroup>
  <ItemGroup>
    <Filter Include="Data">
      <UniqueIdentifier>{dc12a3d6-3314-4310-bbb7-927c7f7de59f}</UniqueIdentifier>
    </Filter>
  </ItemGroup>
  <ItemGroup>
    <None Include="..\Data\TileDepth.vert">
      <Filter>Data</Filter>
    </None>
    <None Include="..\Data\TileDepth.frag">
      <Filter>Data</Filter>
    </None>
    <None Include="..\Data\FinalShader.vert">
      <Filter>Data</Filter>
    </None>
    <None Include="..\Data\FinalShader.frag">
      <Filter>Data</Filter>
    </None>
    <None Include="..\Data\UnitDepth.vert">
      <Filter>Data</Filter>
    </None>
    <None Include="..\Data\UnitDepth.frag">
      <Filter>Data</Filter>
    </None>
  </ItemGroup>
</Project>