<?xml version="1.0" encoding="utf-8"?>
<Project ToolsVersion="4.0" xmlns="http://schemas.microsoft.com/developer/msbuild/2003">
  <ItemGroup>
    <Filter Include="Source">
      <UniqueIdentifier>{daca02bc-a9b5-490b-8978-d14ce5e4a29c}</UniqueIdentifier>
    </Filter>
    <Filter Include="Source\Common">
      <UniqueIdentifier>{ed42a9eb-7bb6-4eb7-8ab5-0bf60d35e64e}</UniqueIdentifier>
    </Filter>
    <Filter Include="Source\Graphics">
      <UniqueIdentifier>{5c4936cb-dcd3-4d2b-9f82-1e78436a3a73}</UniqueIdentifier>
    </Filter>
    <Filter Include="Source\Audio">
      <UniqueIdentifier>{bc0f0669-f0f8-488b-afea-6e4d771f1cd1}</UniqueIdentifier>
    </Filter>
    <Filter Include="Source\Input">
      <UniqueIdentifier>{07f942eb-4d73-46bd-b1e5-54b67ca87cb5}</UniqueIdentifier>
    </Filter>
    <Filter Include="Source\Math">
      <UniqueIdentifier>{8f3ac6ce-4394-4bf5-9acd-0bc183f71547}</UniqueIdentifier>
    </Filter>
    <Filter Include="Include">
      <UniqueIdentifier>{a74b3217-6898-4fdc-8511-0be6c3a7705d}</UniqueIdentifier>
    </Filter>
    <Filter Include="Include\Sauce">
      <UniqueIdentifier>{afc29925-0923-4506-81cb-7748e4e808c3}</UniqueIdentifier>
    </Filter>
    <Filter Include="Include\Sauce\Math">
      <UniqueIdentifier>{d1619559-5c1c-45b8-a727-f44943a52094}</UniqueIdentifier>
    </Filter>
    <Filter Include="Include\Sauce\Common">
      <UniqueIdentifier>{c7bb57f4-2550-4d68-adbe-434d8a089083}</UniqueIdentifier>
    </Filter>
    <Filter Include="Include\Sauce\Graphics">
      <UniqueIdentifier>{d927df54-a041-44c1-9da7-2576a4882588}</UniqueIdentifier>
    </Filter>
    <Filter Include="Include\Sauce\Input">
      <UniqueIdentifier>{889fa578-c5c1-448a-81f3-c8f13efdd921}</UniqueIdentifier>
    </Filter>
  </ItemGroup>
  <ItemGroup>
    <ClCompile Include="..\..\source\Common\Window.cpp">
      <Filter>Source\Common</Filter>
    </ClCompile>
    <ClCompile Include="..\..\source\Common\Console.cpp">
      <Filter>Source\Common</Filter>
    </ClCompile>
    <ClCompile Include="..\..\source\Common\FileSystem.cpp">
      <Filter>Source\Common</Filter>
    </ClCompile>
    <ClCompile Include="..\..\source\Common\IniParser.cpp">
      <Filter>Source\Common</Filter>
    </ClCompile>
    <ClCompile Include="..\..\source\Common\Math.cpp">
      <Filter>Source\Common</Filter>
    </ClCompile>
    <ClCompile Include="..\..\source\Common\ResourceManager.cpp">
      <Filter>Source\Common</Filter>
    </ClCompile>
    <ClCompile Include="..\..\source\Common\Timer.cpp">
      <Filter>Source\Common</Filter>
    </ClCompile>
    <ClCompile Include="..\..\source\Common\Utilities.cpp">
      <Filter>Source\Common</Filter>
    </ClCompile>
    <ClCompile Include="..\..\source\Graphics\Animation.cpp">
      <Filter>Source\Graphics</Filter>
    </ClCompile>
    <ClCompile Include="..\..\source\Graphics\BlendState.cpp">
      <Filter>Source\Graphics</Filter>
    </ClCompile>
    <ClCompile Include="..\..\source\Graphics\Font.cpp">
      <Filter>Source\Graphics</Filter>
    </ClCompile>
    <ClCompile Include="..\..\source\Graphics\Graphics.cpp">
      <Filter>Source\Graphics</Filter>
    </ClCompile>
    <ClCompile Include="..\..\source\Graphics\GraphicsContext.cpp">
      <Filter>Source\Graphics</Filter>
    </ClCompile>
    <ClCompile Include="..\..\source\Graphics\Pixmap.cpp">
      <Filter>Source\Graphics</Filter>
    </ClCompile>
    <ClCompile Include="..\..\source\Graphics\RenderTarget.cpp">
      <Filter>Source\Graphics</Filter>
    </ClCompile>
    <ClCompile Include="..\..\source\Graphics\Shader.cpp">
      <Filter>Source\Graphics</Filter>
    </ClCompile>
    <ClCompile Include="..\..\source\Graphics\Sprite.cpp">
      <Filter>Source\Graphics</Filter>
    </ClCompile>
    <ClCompile Include="..\..\source\Graphics\SpriteBatch.cpp">
      <Filter>Source\Graphics</Filter>
    </ClCompile>
    <ClCompile Include="..\..\source\Graphics\Texture.cpp">
      <Filter>Source\Graphics</Filter>
    </ClCompile>
    <ClCompile Include="..\..\source\Graphics\TextureAtlas.cpp">
      <Filter>Source\Graphics</Filter>
    </ClCompile>
    <ClCompile Include="..\..\source\Graphics\TextureRegion.cpp">
      <Filter>Source\Graphics</Filter>
    </ClCompile>
    <ClCompile Include="..\..\source\Graphics\Vertex.cpp">
      <Filter>Source\Graphics</Filter>
    </ClCompile>
    <ClCompile Include="..\..\source\Graphics\VertexBuffer.cpp">
      <Filter>Source\Graphics</Filter>
    </ClCompile>
    <ClCompile Include="..\..\source\Graphics\Viewport.cpp">
      <Filter>Source\Graphics</Filter>
    </ClCompile>
    <ClCompile Include="..\..\source\Input\Input.cpp">
      <Filter>Source\Input</Filter>
    </ClCompile>
    <ClCompile Include="..\..\source\Input\InputContext.cpp">
      <Filter>Source\Input</Filter>
    </ClCompile>
    <ClCompile Include="..\..\source\Input\KeyListener.cpp">
      <Filter>Source\Input</Filter>
    </ClCompile>
    <ClCompile Include="..\..\source\Input\MouseListener.cpp">
      <Filter>Source\Input</Filter>
    </ClCompile>
    <ClCompile Include="..\..\source\Math\Matrix.cpp">
      <Filter>Source\Math</Filter>
    </ClCompile>
    <ClCompile Include="..\..\source\Math\Random.cpp">
      <Filter>Source\Math</Filter>
    </ClCompile>
    <ClCompile Include="..\..\source\Math\RectanglePacker.cpp">
      <Filter>Source\Math</Filter>
    </ClCompile>
    <ClCompile Include="..\..\source\Math\Vector.cpp">
      <Filter>Source\Math</Filter>
    </ClCompile>
    <ClCompile Include="..\..\source\Common\Game.cpp">
      <Filter>Source\Common</Filter>
    </ClCompile>
    <ClCompile Include="..\..\source\Input\InputManager.cpp">
      <Filter>Source\Input</Filter>
    </ClCompile>
    <ClCompile Include="..\..\source\Math\Rectangle.cpp">
      <Filter>Source\Math</Filter>
    </ClCompile>
    <ClCompile Include="..\..\source\Input\InputButton.cpp">
      <Filter>Source\Input</Filter>
    </ClCompile>
    <ClCompile Include="..\..\source\common\tinyxml2.cpp">
      <Filter>Source\Common</Filter>
    </ClCompile>
    <ClCompile Include="..\..\source\Common\Callstack.cpp">
      <Filter>Source\Common</Filter>
    </ClCompile>
  </ItemGroup>
  <ItemGroup>
    <ClInclude Include="..\..\include\Sauce\Math\Matrix.h">
      <Filter>Include\Sauce\Math</Filter>
    </ClInclude>
    <ClInclude Include="..\..\include\Sauce\Math\Random.h">
      <Filter>Include\Sauce\Math</Filter>
    </ClInclude>
    <ClInclude Include="..\..\include\Sauce\Math\Rectangle.h">
      <Filter>Include\Sauce\Math</Filter>
    </ClInclude>
    <ClInclude Include="..\..\include\Sauce\Math\RectanglePacker.h">
      <Filter>Include\Sauce\Math</Filter>
    </ClInclude>
    <ClInclude Include="..\..\include\Sauce\Math\Vector.h">
      <Filter>Include\Sauce\Math</Filter>
    </ClInclude>
    <ClInclude Include="..\..\include\Sauce\Audio.h">
      <Filter>Include\Sauce</Filter>
    </ClInclude>
    <ClInclude Include="..\..\include\Sauce\Common.h">
      <Filter>Include\Sauce</Filter>
    </ClInclude>
    <ClInclude Include="..\..\include\Sauce\Config.h">
      <Filter>Include\Sauce</Filter>
    </ClInclude>
    <ClInclude Include="..\..\include\Sauce\Graphics.h">
      <Filter>Include\Sauce</Filter>
    </ClInclude>
    <ClInclude Include="..\..\include\Sauce\Input.h">
      <Filter>Include\Sauce</Filter>
    </ClInclude>
    <ClInclude Include="..\..\include\Sauce\Math.h">
      <Filter>Include\Sauce</Filter>
    </ClInclude>
    <ClInclude Include="..\..\include\Sauce\Common\Event.h">
      <Filter>Include\Sauce\Common</Filter>
    </ClInclude>
    <ClInclude Include="..\..\include\Sauce\Common\EventHandler.h">
      <Filter>Include\Sauce\Common</Filter>
    </ClInclude>
    <ClInclude Include="..\..\include\Sauce\Common\Game.h">
      <Filter>Include\Sauce\Common</Filter>
    </ClInclude>
    <ClInclude Include="..\..\include\Sauce\Common\IniParser.h">
      <Filter>Include\Sauce\Common</Filter>
    </ClInclude>
    <ClInclude Include="..\..\include\Sauce\Common\ResourceManager.h">
      <Filter>Include\Sauce\Common</Filter>
    </ClInclude>
    <ClInclude Include="..\..\include\Sauce\Graphics\Animation.h">
      <Filter>Include\Sauce\Graphics</Filter>
    </ClInclude>
    <ClInclude Include="..\..\include\Sauce\Graphics\BlendState.h">
      <Filter>Include\Sauce\Graphics</Filter>
    </ClInclude>
    <ClInclude Include="..\..\include\Sauce\Graphics\Font.h">
      <Filter>Include\Sauce\Graphics</Filter>
    </ClInclude>
    <ClInclude Include="..\..\include\Sauce\Graphics\Font_Old.h">
      <Filter>Include\Sauce\Graphics</Filter>
    </ClInclude>
    <ClInclude Include="..\..\include\Sauce\Graphics\GraphicsContext.h">
      <Filter>Include\Sauce\Graphics</Filter>
    </ClInclude>
    <ClInclude Include="..\..\include\Sauce\Graphics\Pixmap.h">
      <Filter>Include\Sauce\Graphics</Filter>
    </ClInclude>
    <ClInclude Include="..\..\include\Sauce\Graphics\RenderTarget.h">
      <Filter>Include\Sauce\Graphics</Filter>
    </ClInclude>
    <ClInclude Include="..\..\include\Sauce\Graphics\Shader.h">
      <Filter>Include\Sauce\Graphics</Filter>
    </ClInclude>
    <ClInclude Include="..\..\include\Sauce\Graphics\Sprite.h">
      <Filter>Include\Sauce\Graphics</Filter>
    </ClInclude>
    <ClInclude Include="..\..\include\Sauce\Graphics\SpriteBatch.h">
      <Filter>Include\Sauce\Graphics</Filter>
    </ClInclude>
    <ClInclude Include="..\..\include\Sauce\Graphics\Texture.h">
      <Filter>Include\Sauce\Graphics</Filter>
    </ClInclude>
    <ClInclude Include="..\..\include\Sauce\Graphics\TextureAtlas.h">
      <Filter>Include\Sauce\Graphics</Filter>
    </ClInclude>
    <ClInclude Include="..\..\include\Sauce\Graphics\TextureRegion.h">
      <Filter>Include\Sauce\Graphics</Filter>
    </ClInclude>
    <ClInclude Include="..\..\include\Sauce\Graphics\Vertex.h">
      <Filter>Include\Sauce\Graphics</Filter>
    </ClInclude>
    <ClInclude Include="..\..\include\Sauce\Graphics\VertexBuffer.h">
      <Filter>Include\Sauce\Graphics</Filter>
    </ClInclude>
    <ClInclude Include="..\..\include\Sauce\Graphics\Viewport.h">
      <Filter>Include\Sauce\Graphics</Filter>
    </ClInclude>
    <ClInclude Include="..\..\include\Sauce\Input\InputManager.h">
      <Filter>Include\Sauce\Input</Filter>
    </ClInclude>
    <ClInclude Include="..\..\include\Sauce\Input\Keycodes.h">
      <Filter>Include\Sauce\Input</Filter>
    </ClInclude>
    <ClInclude Include="..\..\include\Sauce\Input\Keylistener.h">
      <Filter>Include\Sauce\Input</Filter>
    </ClInclude>
    <ClInclude Include="..\..\include\Sauce\Input\MouseListener.h">
      <Filter>Include\Sauce\Input</Filter>
    </ClInclude>
    <ClInclude Include="..\..\include\Sauce\Input\Scancodes.h">
      <Filter>Include\Sauce\Input</Filter>
    </ClInclude>
    <ClInclude Include="..\..\include\Sauce\Sauce.h">
      <Filter>Include\Sauce</Filter>
    </ClInclude>
    <ClInclude Include="..\..\include\Sauce\Input\Inputcontext.h">
      <Filter>Include\Sauce\Input</Filter>
    </ClInclude>
    <ClInclude Include="..\..\include\Sauce\Input\InputButton.h">
      <Filter>Include\Sauce\Input</Filter>
    </ClInclude>
    <ClInclude Include="..\..\include\Sauce\Common\tinyxml2.h">
      <Filter>Include\Sauce\Common</Filter>
    </ClInclude>
    <ClInclude Include="..\..\include\Sauce\Common\SceneObject.h">
      <Filter>Include\Sauce\Common</Filter>
    </ClInclude>
    <ClInclude Include="..\..\include\Sauce\Common\Callstack.h">
      <Filter>Include\Sauce\Common</Filter>
    </ClInclude>
  </ItemGroup>
</Project>